
Microsoft Visual Studio Solution File, Format Version 12.00
# Visual Studio Version 17
VisualStudioVersion = 17.2.32516.85
MinimumVisualStudioVersion = 10.0.40219.1
Project("{9A19103F-16F7-4668-BE54-9A1E7A4F7556}") = "GMap.NET.Core", "GMap.NET\GMap.NET.Core\GMap.NET.Core.csproj", "{D0C39D9D-BED0-418B-9A5E-713176CAF40C}"
EndProject
Project("{9A19103F-16F7-4668-BE54-9A1E7A4F7556}") = "GMap.NET.WindowsForms", "GMap.NET\GMap.NET.WindowsForms\GMap.NET.WindowsForms.csproj", "{E06DEF77-F933-42FB-AFD7-DB2D0D8D6A98}"
EndProject
Project("{2150E333-8FDC-42A3-9474-1A3956D46DE8}") = "GMap.NET", "GMap.NET", "{E797B22B-142C-4068-8F18-9E7E2C7B422C}"
EndProject
Project("{2150E333-8FDC-42A3-9474-1A3956D46DE8}") = "Demo", "Demo", "{7C6014F2-A785-4632-91AE-C5181F78C0FC}"
EndProject
Project("{9A19103F-16F7-4668-BE54-9A1E7A4F7556}") = "Demo.WindowsForms", "Demo\Demo.WindowsForms\Demo.WindowsForms.csproj", "{A2E07A76-8B2C-41A2-B23E-EA31AE94D706}"
EndProject
Project("{2150E333-8FDC-42A3-9474-1A3956D46DE8}") = "Tools", "Tools", "{541C463C-B018-4077-9E5E-D469F31F4351}"
EndProject
Project("{9A19103F-16F7-4668-BE54-9A1E7A4F7556}") = "MapCruncher", "Tools\MapCruncher\MapCruncher.csproj", "{052662DD-CAA7-4E24-98DE-16E51EFE0053}"
EndProject
Project("{2150E333-8FDC-42A3-9474-1A3956D46DE8}") = "Solution Items", "Solution Items", "{404D7A37-56D9-46B1-BACC-E57F3720A818}"
	ProjectSection(SolutionItems) = preProject
		.editorconfig = .editorconfig
		Directory.Build.props = Directory.Build.props
	EndProjectSection
EndProject
Project("{9A19103F-16F7-4668-BE54-9A1E7A4F7556}") = "GMap.NET.WindowsForms.Utils", "GMap.NET\GMap.NET.WindowsForms.Utils\GMap.NET.WindowsForms.Utils.csproj", "{839D3F3C-D762-44D8-A3C7-50B3105C61C2}"
EndProject
Global
	GlobalSection(SolutionConfigurationPlatforms) = preSolution
		Debug|Any CPU = Debug|Any CPU
		Release|Any CPU = Release|Any CPU
		v4.0-Debug|Any CPU = v4.0-Debug|Any CPU
		v4.0-Release|Any CPU = v4.0-Release|Any CPU
	EndGlobalSection
	GlobalSection(ProjectConfigurationPlatforms) = postSolution
		{D0C39D9D-BED0-418B-9A5E-713176CAF40C}.Debug|Any CPU.ActiveCfg = Debug|Any CPU
		{D0C39D9D-BED0-418B-9A5E-713176CAF40C}.Debug|Any CPU.Build.0 = Debug|Any CPU
		{D0C39D9D-BED0-418B-9A5E-713176CAF40C}.Release|Any CPU.ActiveCfg = Release|Any CPU
		{D0C39D9D-BED0-418B-9A5E-713176CAF40C}.Release|Any CPU.Build.0 = Release|Any CPU
		{D0C39D9D-BED0-418B-9A5E-713176CAF40C}.v4.0-Debug|Any CPU.ActiveCfg = Debug|Any CPU
		{D0C39D9D-BED0-418B-9A5E-713176CAF40C}.v4.0-Debug|Any CPU.Build.0 = Debug|Any CPU
		{D0C39D9D-BED0-418B-9A5E-713176CAF40C}.v4.0-Release|Any CPU.ActiveCfg = Release|Any CPU
		{D0C39D9D-BED0-418B-9A5E-713176CAF40C}.v4.0-Release|Any CPU.Build.0 = Release|Any CPU
		{E06DEF77-F933-42FB-AFD7-DB2D0D8D6A98}.Debug|Any CPU.ActiveCfg = Debug|Any CPU
		{E06DEF77-F933-42FB-AFD7-DB2D0D8D6A98}.Debug|Any CPU.Build.0 = Debug|Any CPU
		{E06DEF77-F933-42FB-AFD7-DB2D0D8D6A98}.Release|Any CPU.ActiveCfg = Release|Any CPU
		{E06DEF77-F933-42FB-AFD7-DB2D0D8D6A98}.Release|Any CPU.Build.0 = Release|Any CPU
		{E06DEF77-F933-42FB-AFD7-DB2D0D8D6A98}.v4.0-Debug|Any CPU.ActiveCfg = Debug|Any CPU
		{E06DEF77-F933-42FB-AFD7-DB2D0D8D6A98}.v4.0-Debug|Any CPU.Build.0 = Debug|Any CPU
		{E06DEF77-F933-42FB-AFD7-DB2D0D8D6A98}.v4.0-Release|Any CPU.ActiveCfg = Release|Any CPU
		{E06DEF77-F933-42FB-AFD7-DB2D0D8D6A98}.v4.0-Release|Any CPU.Build.0 = Release|Any CPU
		{A2E07A76-8B2C-41A2-B23E-EA31AE94D706}.Debug|Any CPU.ActiveCfg = Debug|Any CPU
		{A2E07A76-8B2C-41A2-B23E-EA31AE94D706}.Debug|Any CPU.Build.0 = Debug|Any CPU
		{A2E07A76-8B2C-41A2-B23E-EA31AE94D706}.Release|Any CPU.ActiveCfg = Release|Any CPU
		{A2E07A76-8B2C-41A2-B23E-EA31AE94D706}.Release|Any CPU.Build.0 = Release|Any CPU
		{A2E07A76-8B2C-41A2-B23E-EA31AE94D706}.v4.0-Debug|Any CPU.ActiveCfg = Debug|Any CPU
		{A2E07A76-8B2C-41A2-B23E-EA31AE94D706}.v4.0-Debug|Any CPU.Build.0 = Debug|Any CPU
		{A2E07A76-8B2C-41A2-B23E-EA31AE94D706}.v4.0-Release|Any CPU.ActiveCfg = Release|Any CPU
		{A2E07A76-8B2C-41A2-B23E-EA31AE94D706}.v4.0-Release|Any CPU.Build.0 = Release|Any CPU
		{052662DD-CAA7-4E24-98DE-16E51EFE0053}.Debug|Any CPU.ActiveCfg = Debug|Any CPU
		{052662DD-CAA7-4E24-98DE-16E51EFE0053}.Debug|Any CPU.Build.0 = Debug|Any CPU
		{052662DD-CAA7-4E24-98DE-16E51EFE0053}.Release|Any CPU.ActiveCfg = Release|Any CPU
		{052662DD-CAA7-4E24-98DE-16E51EFE0053}.Release|Any CPU.Build.0 = Release|Any CPU
		{052662DD-CAA7-4E24-98DE-16E51EFE0053}.v4.0-Debug|Any CPU.ActiveCfg = Debug|Any CPU
		{052662DD-CAA7-4E24-98DE-16E51EFE0053}.v4.0-Debug|Any CPU.Build.0 = Debug|Any CPU
		{052662DD-CAA7-4E24-98DE-16E51EFE0053}.v4.0-Release|Any CPU.ActiveCfg = Release|Any CPU
		{052662DD-CAA7-4E24-98DE-16E51EFE0053}.v4.0-Release|Any CPU.Build.0 = Release|Any CPU
		{839D3F3C-D762-44D8-A3C7-50B3105C61C2}.Debug|Any CPU.ActiveCfg = Debug|Any CPU
		{839D3F3C-D762-44D8-A3C7-50B3105C61C2}.Debug|Any CPU.Build.0 = Debug|Any CPU
		{839D3F3C-D762-44D8-A3C7-50B3105C61C2}.Release|Any CPU.ActiveCfg = Release|Any CPU
		{839D3F3C-D762-44D8-A3C7-50B3105C61C2}.Release|Any CPU.Build.0 = Release|Any CPU
		{839D3F3C-D762-44D8-A3C7-50B3105C61C2}.v4.0-Debug|Any CPU.ActiveCfg = Debug|Any CPU
		{839D3F3C-D762-44D8-A3C7-50B3105C61C2}.v4.0-Debug|Any CPU.Build.0 = Debug|Any CPU
		{839D3F3C-D762-44D8-A3C7-50B3105C61C2}.v4.0-Release|Any CPU.ActiveCfg = Release|Any CPU
		{839D3F3C-D762-44D8-A3C7-50B3105C61C2}.v4.0-Release|Any CPU.Build.0 = Release|Any CPU
	EndGlobalSection
	GlobalSection(SolutionProperties) = preSolution
		HideSolutionNode = FALSE
	EndGlobalSection
	GlobalSection(NestedProjects) = preSolution
		{D0C39D9D-BED0-418B-9A5E-713176CAF40C} = {E797B22B-142C-4068-8F18-9E7E2C7B422C}
		{E06DEF77-F933-42FB-AFD7-DB2D0D8D6A98} = {E797B22B-142C-4068-8F18-9E7E2C7B422C}
		{A2E07A76-8B2C-41A2-B23E-EA31AE94D706} = {7C6014F2-A785-4632-91AE-C5181F78C0FC}
		{052662DD-CAA7-4E24-98DE-16E51EFE0053} = {541C463C-B018-4077-9E5E-D469F31F4351}
		{839D3F3C-D762-44D8-A3C7-50B3105C61C2} = {E797B22B-142C-4068-8F18-9E7E2C7B422C}
	EndGlobalSection
	GlobalSection(ExtensibilityGlobals) = postSolution
		SolutionGuid = {121217E7-9EA2-4663-8B5C-E6E1F37A5CA9}
	EndGlobalSection
EndGlobal
